
Microsoft Visual Studio Solution File, Format Version 12.00
# Visual Studio 15
VisualStudioVersion = 15.0.26124.0
MinimumVisualStudioVersion = 15.0.26124.0
Project("{9A19103F-16F7-4668-BE54-9A1E7A4F7556}") = "R5T.Nikaia.Configuration.Construction", "R5T.Nikaia.Configuration.Construction\R5T.Nikaia.Configuration.Construction.csproj", "{B5CD5DE7-0FC6-4C41-9DE5-DFAF475AA9AF}"
EndProject
Project("{9A19103F-16F7-4668-BE54-9A1E7A4F7556}") = "R5T.Nikaia.Configuration", "R5T.Nikaia.Configuration\R5T.Nikaia.Configuration.csproj", "{57C9F1CF-8BCB-47EF-A3B7-159849410695}"
EndProject
Project("{9A19103F-16F7-4668-BE54-9A1E7A4F7556}") = "R5T.Nikaia.Configuration.Testing", "R5T.Nikaia.Configuration.Testing\R5T.Nikaia.Configuration.Testing.csproj", "{A5EBB83F-4021-4A78-A1CB-3FAFA6591D33}"
EndProject
Project("{2150E333-8FDC-42A3-9474-1A3956D46DE8}") = "_Dependencies", "_Dependencies", "{3DD115A1-D1C0-463C-9D5E-92331AF399C4}"
EndProject
Project("{9A19103F-16F7-4668-BE54-9A1E7A4F7556}") = "R5T.Nikaia.Base", "..\..\R5T.Nikaia.Base\source\R5T.Nikaia.Base\R5T.Nikaia.Base.csproj", "{7DFEAC23-0CAE-4A95-8110-8F7FFFD311A6}"
EndProject
Project("{9A19103F-16F7-4668-BE54-9A1E7A4F7556}") = "R5T.Chamavia", "..\..\R5T.Chamavia\source\R5T.Chamavia\R5T.Chamavia.csproj", "{54B9432F-8AB6-4C30-BC32-46EC819ABA3B}"
EndProject
Project("{9A19103F-16F7-4668-BE54-9A1E7A4F7556}") = "R5T.Dacia.Extensions", "..\..\R5T.Dacia.Extensions\source\R5T.Dacia.Extensions\R5T.Dacia.Extensions.csproj", "{A5C72DB1-C024-423D-B339-8FC307A3CEEE}"
EndProject
Project("{9A19103F-16F7-4668-BE54-9A1E7A4F7556}") = "R5T.Dacia", "..\..\R5T.Dacia\source\R5T.Dacia\R5T.Dacia.csproj", "{EB718AB6-3C80-4B77-8482-146C0E5D94CE}"
EndProject
Project("{9A19103F-16F7-4668-BE54-9A1E7A4F7556}") = "R5T.Opatia", "..\..\R5T.Opatia\source\R5T.Opatia\R5T.Opatia.csproj", "{B7399409-A7CE-4122-85F7-B8342B16EA2F}"
EndProject
Project("{9A19103F-16F7-4668-BE54-9A1E7A4F7556}") = "R5T.Nikaia.Configuration.Sardinia", "R5T.Nikaia.Configuration.Sardinia\R5T.Nikaia.Configuration.Sardinia.csproj", "{275E8859-FA7A-48AF-9C5B-BC488BD6C78C}"
EndProject
Project("{9A19103F-16F7-4668-BE54-9A1E7A4F7556}") = "R5T.Sardinia", "..\..\R5T.Sardinia\source\R5T.Sardinia\R5T.Sardinia.csproj", "{FB75AB7A-2C37-45E1-AEDB-72F0F95C8E2D}"
EndProject
Project("{9A19103F-16F7-4668-BE54-9A1E7A4F7556}") = "R5T.Exeter", "..\..\R5T.Exeter\source\R5T.Exeter\R5T.Exeter.csproj", "{C2358F91-4E7F-423D-BB21-9B216DA4F8B2}"
EndProject
Project("{9A19103F-16F7-4668-BE54-9A1E7A4F7556}") = "R5T.Chamavia.Extensions", "..\..\R5T.Chamavia.Extensions\source\R5T.Chamavia.Extensions\R5T.Chamavia.Extensions.csproj", "{548C9FB6-AF59-4D82-9F5D-5797BDCB8FC1}"
EndProject
Project("{9A19103F-16F7-4668-BE54-9A1E7A4F7556}") = "R5T.Langobard.Extensions", "..\..\R5T.Langobard.Extensions\source\R5T.Langobard.Extensions\R5T.Langobard.Extensions.csproj", "{769FFA25-0720-45FA-8EC8-BA5CC8A44F4F}"
EndProject
Project("{9A19103F-16F7-4668-BE54-9A1E7A4F7556}") = "R5T.Langobard", "..\..\R5T.Langobard\source\R5T.Langobard\R5T.Langobard.csproj", "{D0A8EEF2-9FBB-4998-8EC4-FB398E179709}"
EndProject
Project("{FAE04EC0-301F-11D3-BF4B-00C04F79EFBC}") = "R5T.Nikaia.Configuration.Base", "R5T.Nikaia.Configuration.Base\R5T.Nikaia.Configuration.Base.csproj", "{6253C973-AC26-4A32-9CB4-8F84061A8A46}"
EndProject
Project("{9A19103F-16F7-4668-BE54-9A1E7A4F7556}") = "R5T.Nikaia.Configuration.Suebia", "..\..\R5T.Nikaia.Configuration.Suebia\source\R5T.Nikaia.Configuration.Suebia\R5T.Nikaia.Configuration.Suebia.csproj", "{73BE5501-93A7-4794-A290-4C627D0B13EE}"
EndProject
Project("{FAE04EC0-301F-11D3-BF4B-00C04F79EFBC}") = "R5T.Nikaia.Configuration.Standard", "R5T.Nikaia.Configuration.Standard\R5T.Nikaia.Configuration.Standard.csproj", "{88D24CDF-17F1-4FB3-914E-497246A96A77}"
EndProject
Project("{9A19103F-16F7-4668-BE54-9A1E7A4F7556}") = "R5T.Suebia.Extensions", "..\..\R5T.Suebia.Extensions\source\R5T.Suebia.Extensions\R5T.Suebia.Extensions.csproj", "{6CE9E1C8-6C28-446D-AEDC-2FA4B27895A3}"
EndProject
Project("{9A19103F-16F7-4668-BE54-9A1E7A4F7556}") = "R5T.Suebia.Base", "..\..\R5T.Suebia.Base\source\R5T.Suebia.Base\R5T.Suebia.Base.csproj", "{978CA31B-E15D-4FD1-84D5-83536F82D213}"
EndProject
Project("{FAE04EC0-301F-11D3-BF4B-00C04F79EFBC}") = "R5T.T0064", "..\..\R5T.T0064\source\R5T.T0064\R5T.T0064.csproj", "{6AEFCCCB-8F02-4B60-B591-B1BB0631E3A0}"
EndProject
Global
	GlobalSection(SolutionConfigurationPlatforms) = preSolution
		Debug|Any CPU = Debug|Any CPU
		Debug|x64 = Debug|x64
		Debug|x86 = Debug|x86
		Release|Any CPU = Release|Any CPU
		Release|x64 = Release|x64
		Release|x86 = Release|x86
	EndGlobalSection
	GlobalSection(ProjectConfigurationPlatforms) = postSolution
		{B5CD5DE7-0FC6-4C41-9DE5-DFAF475AA9AF}.Debug|Any CPU.ActiveCfg = Debug|Any CPU
		{B5CD5DE7-0FC6-4C41-9DE5-DFAF475AA9AF}.Debug|Any CPU.Build.0 = Debug|Any CPU
		{B5CD5DE7-0FC6-4C41-9DE5-DFAF475AA9AF}.Debug|x64.ActiveCfg = Debug|Any CPU
		{B5CD5DE7-0FC6-4C41-9DE5-DFAF475AA9AF}.Debug|x64.Build.0 = Debug|Any CPU
		{B5CD5DE7-0FC6-4C41-9DE5-DFAF475AA9AF}.Debug|x86.ActiveCfg = Debug|Any CPU
		{B5CD5DE7-0FC6-4C41-9DE5-DFAF475AA9AF}.Debug|x86.Build.0 = Debug|Any CPU
		{B5CD5DE7-0FC6-4C41-9DE5-DFAF475AA9AF}.Release|Any CPU.ActiveCfg = Release|Any CPU
		{B5CD5DE7-0FC6-4C41-9DE5-DFAF475AA9AF}.Release|Any CPU.Build.0 = Release|Any CPU
		{B5CD5DE7-0FC6-4C41-9DE5-DFAF475AA9AF}.Release|x64.ActiveCfg = Release|Any CPU
		{B5CD5DE7-0FC6-4C41-9DE5-DFAF475AA9AF}.Release|x64.Build.0 = Release|Any CPU
		{B5CD5DE7-0FC6-4C41-9DE5-DFAF475AA9AF}.Release|x86.ActiveCfg = Release|Any CPU
		{B5CD5DE7-0FC6-4C41-9DE5-DFAF475AA9AF}.Release|x86.Build.0 = Release|Any CPU
		{57C9F1CF-8BCB-47EF-A3B7-159849410695}.Debug|Any CPU.ActiveCfg = Debug|Any CPU
		{57C9F1CF-8BCB-47EF-A3B7-159849410695}.Debug|Any CPU.Build.0 = Debug|Any CPU
		{57C9F1CF-8BCB-47EF-A3B7-159849410695}.Debug|x64.ActiveCfg = Debug|Any CPU
		{57C9F1CF-8BCB-47EF-A3B7-159849410695}.Debug|x64.Build.0 = Debug|Any CPU
		{57C9F1CF-8BCB-47EF-A3B7-159849410695}.Debug|x86.ActiveCfg = Debug|Any CPU
		{57C9F1CF-8BCB-47EF-A3B7-159849410695}.Debug|x86.Build.0 = Debug|Any CPU
		{57C9F1CF-8BCB-47EF-A3B7-159849410695}.Release|Any CPU.ActiveCfg = Release|Any CPU
		{57C9F1CF-8BCB-47EF-A3B7-159849410695}.Release|Any CPU.Build.0 = Release|Any CPU
		{57C9F1CF-8BCB-47EF-A3B7-159849410695}.Release|x64.ActiveCfg = Release|Any CPU
		{57C9F1CF-8BCB-47EF-A3B7-159849410695}.Release|x64.Build.0 = Release|Any CPU
		{57C9F1CF-8BCB-47EF-A3B7-159849410695}.Release|x86.ActiveCfg = Release|Any CPU
		{57C9F1CF-8BCB-47EF-A3B7-159849410695}.Release|x86.Build.0 = Release|Any CPU
		{A5EBB83F-4021-4A78-A1CB-3FAFA6591D33}.Debug|Any CPU.ActiveCfg = Debug|Any CPU
		{A5EBB83F-4021-4A78-A1CB-3FAFA6591D33}.Debug|Any CPU.Build.0 = Debug|Any CPU
		{A5EBB83F-4021-4A78-A1CB-3FAFA6591D33}.Debug|x64.ActiveCfg = Debug|Any CPU
		{A5EBB83F-4021-4A78-A1CB-3FAFA6591D33}.Debug|x64.Build.0 = Debug|Any CPU
		{A5EBB83F-4021-4A78-A1CB-3FAFA6591D33}.Debug|x86.ActiveCfg = Debug|Any CPU
		{A5EBB83F-4021-4A78-A1CB-3FAFA6591D33}.Debug|x86.Build.0 = Debug|Any CPU
		{A5EBB83F-4021-4A78-A1CB-3FAFA6591D33}.Release|Any CPU.ActiveCfg = Release|Any CPU
		{A5EBB83F-4021-4A78-A1CB-3FAFA6591D33}.Release|Any CPU.Build.0 = Release|Any CPU
		{A5EBB83F-4021-4A78-A1CB-3FAFA6591D33}.Release|x64.ActiveCfg = Release|Any CPU
		{A5EBB83F-4021-4A78-A1CB-3FAFA6591D33}.Release|x64.Build.0 = Release|Any CPU
		{A5EBB83F-4021-4A78-A1CB-3FAFA6591D33}.Release|x86.ActiveCfg = Release|Any CPU
		{A5EBB83F-4021-4A78-A1CB-3FAFA6591D33}.Release|x86.Build.0 = Release|Any CPU
		{7DFEAC23-0CAE-4A95-8110-8F7FFFD311A6}.Debug|Any CPU.ActiveCfg = Debug|Any CPU
		{7DFEAC23-0CAE-4A95-8110-8F7FFFD311A6}.Debug|Any CPU.Build.0 = Debug|Any CPU
		{7DFEAC23-0CAE-4A95-8110-8F7FFFD311A6}.Debug|x64.ActiveCfg = Debug|Any CPU
		{7DFEAC23-0CAE-4A95-8110-8F7FFFD311A6}.Debug|x64.Build.0 = Debug|Any CPU
		{7DFEAC23-0CAE-4A95-8110-8F7FFFD311A6}.Debug|x86.ActiveCfg = Debug|Any CPU
		{7DFEAC23-0CAE-4A95-8110-8F7FFFD311A6}.Debug|x86.Build.0 = Debug|Any CPU
		{7DFEAC23-0CAE-4A95-8110-8F7FFFD311A6}.Release|Any CPU.ActiveCfg = Release|Any CPU
		{7DFEAC23-0CAE-4A95-8110-8F7FFFD311A6}.Release|Any CPU.Build.0 = Release|Any CPU
		{7DFEAC23-0CAE-4A95-8110-8F7FFFD311A6}.Release|x64.ActiveCfg = Release|Any CPU
		{7DFEAC23-0CAE-4A95-8110-8F7FFFD311A6}.Release|x64.Build.0 = Release|Any CPU
		{7DFEAC23-0CAE-4A95-8110-8F7FFFD311A6}.Release|x86.ActiveCfg = Release|Any CPU
		{7DFEAC23-0CAE-4A95-8110-8F7FFFD311A6}.Release|x86.Build.0 = Release|Any CPU
		{54B9432F-8AB6-4C30-BC32-46EC819ABA3B}.Debug|Any CPU.ActiveCfg = Debug|Any CPU
		{54B9432F-8AB6-4C30-BC32-46EC819ABA3B}.Debug|Any CPU.Build.0 = Debug|Any CPU
		{54B9432F-8AB6-4C30-BC32-46EC819ABA3B}.Debug|x64.ActiveCfg = Debug|Any CPU
		{54B9432F-8AB6-4C30-BC32-46EC819ABA3B}.Debug|x64.Build.0 = Debug|Any CPU
		{54B9432F-8AB6-4C30-BC32-46EC819ABA3B}.Debug|x86.ActiveCfg = Debug|Any CPU
		{54B9432F-8AB6-4C30-BC32-46EC819ABA3B}.Debug|x86.Build.0 = Debug|Any CPU
		{54B9432F-8AB6-4C30-BC32-46EC819ABA3B}.Release|Any CPU.ActiveCfg = Release|Any CPU
		{54B9432F-8AB6-4C30-BC32-46EC819ABA3B}.Release|Any CPU.Build.0 = Release|Any CPU
		{54B9432F-8AB6-4C30-BC32-46EC819ABA3B}.Release|x64.ActiveCfg = Release|Any CPU
		{54B9432F-8AB6-4C30-BC32-46EC819ABA3B}.Release|x64.Build.0 = Release|Any CPU
		{54B9432F-8AB6-4C30-BC32-46EC819ABA3B}.Release|x86.ActiveCfg = Release|Any CPU
		{54B9432F-8AB6-4C30-BC32-46EC819ABA3B}.Release|x86.Build.0 = Release|Any CPU
		{A5C72DB1-C024-423D-B339-8FC307A3CEEE}.Debug|Any CPU.ActiveCfg = Debug|Any CPU
		{A5C72DB1-C024-423D-B339-8FC307A3CEEE}.Debug|Any CPU.Build.0 = Debug|Any CPU
		{A5C72DB1-C024-423D-B339-8FC307A3CEEE}.Debug|x64.ActiveCfg = Debug|Any CPU
		{A5C72DB1-C024-423D-B339-8FC307A3CEEE}.Debug|x64.Build.0 = Debug|Any CPU
		{A5C72DB1-C024-423D-B339-8FC307A3CEEE}.Debug|x86.ActiveCfg = Debug|Any CPU
		{A5C72DB1-C024-423D-B339-8FC307A3CEEE}.Debug|x86.Build.0 = Debug|Any CPU
		{A5C72DB1-C024-423D-B339-8FC307A3CEEE}.Release|Any CPU.ActiveCfg = Release|Any CPU
		{A5C72DB1-C024-423D-B339-8FC307A3CEEE}.Release|Any CPU.Build.0 = Release|Any CPU
		{A5C72DB1-C024-423D-B339-8FC307A3CEEE}.Release|x64.ActiveCfg = Release|Any CPU
		{A5C72DB1-C024-423D-B339-8FC307A3CEEE}.Release|x64.Build.0 = Release|Any CPU
		{A5C72DB1-C024-423D-B339-8FC307A3CEEE}.Release|x86.ActiveCfg = Release|Any CPU
		{A5C72DB1-C024-423D-B339-8FC307A3CEEE}.Release|x86.Build.0 = Release|Any CPU
		{EB718AB6-3C80-4B77-8482-146C0E5D94CE}.Debug|Any CPU.ActiveCfg = Debug|Any CPU
		{EB718AB6-3C80-4B77-8482-146C0E5D94CE}.Debug|Any CPU.Build.0 = Debug|Any CPU
		{EB718AB6-3C80-4B77-8482-146C0E5D94CE}.Debug|x64.ActiveCfg = Debug|Any CPU
		{EB718AB6-3C80-4B77-8482-146C0E5D94CE}.Debug|x64.Build.0 = Debug|Any CPU
		{EB718AB6-3C80-4B77-8482-146C0E5D94CE}.Debug|x86.ActiveCfg = Debug|Any CPU
		{EB718AB6-3C80-4B77-8482-146C0E5D94CE}.Debug|x86.Build.0 = Debug|Any CPU
		{EB718AB6-3C80-4B77-8482-146C0E5D94CE}.Release|Any CPU.ActiveCfg = Release|Any CPU
		{EB718AB6-3C80-4B77-8482-146C0E5D94CE}.Release|Any CPU.Build.0 = Release|Any CPU
		{EB718AB6-3C80-4B77-8482-146C0E5D94CE}.Release|x64.ActiveCfg = Release|Any CPU
		{EB718AB6-3C80-4B77-8482-146C0E5D94CE}.Release|x64.Build.0 = Release|Any CPU
		{EB718AB6-3C80-4B77-8482-146C0E5D94CE}.Release|x86.ActiveCfg = Release|Any CPU
		{EB718AB6-3C80-4B77-8482-146C0E5D94CE}.Release|x86.Build.0 = Release|Any CPU
		{B7399409-A7CE-4122-85F7-B8342B16EA2F}.Debug|Any CPU.ActiveCfg = Debug|Any CPU
		{B7399409-A7CE-4122-85F7-B8342B16EA2F}.Debug|Any CPU.Build.0 = Debug|Any CPU
		{B7399409-A7CE-4122-85F7-B8342B16EA2F}.Debug|x64.ActiveCfg = Debug|Any CPU
		{B7399409-A7CE-4122-85F7-B8342B16EA2F}.Debug|x64.Build.0 = Debug|Any CPU
		{B7399409-A7CE-4122-85F7-B8342B16EA2F}.Debug|x86.ActiveCfg = Debug|Any CPU
		{B7399409-A7CE-4122-85F7-B8342B16EA2F}.Debug|x86.Build.0 = Debug|Any CPU
		{B7399409-A7CE-4122-85F7-B8342B16EA2F}.Release|Any CPU.ActiveCfg = Release|Any CPU
		{B7399409-A7CE-4122-85F7-B8342B16EA2F}.Release|Any CPU.Build.0 = Release|Any CPU
		{B7399409-A7CE-4122-85F7-B8342B16EA2F}.Release|x64.ActiveCfg = Release|Any CPU
		{B7399409-A7CE-4122-85F7-B8342B16EA2F}.Release|x64.Build.0 = Release|Any CPU
		{B7399409-A7CE-4122-85F7-B8342B16EA2F}.Release|x86.ActiveCfg = Release|Any CPU
		{B7399409-A7CE-4122-85F7-B8342B16EA2F}.Release|x86.Build.0 = Release|Any CPU
		{275E8859-FA7A-48AF-9C5B-BC488BD6C78C}.Debug|Any CPU.ActiveCfg = Debug|Any CPU
		{275E8859-FA7A-48AF-9C5B-BC488BD6C78C}.Debug|Any CPU.Build.0 = Debug|Any CPU
		{275E8859-FA7A-48AF-9C5B-BC488BD6C78C}.Debug|x64.ActiveCfg = Debug|Any CPU
		{275E8859-FA7A-48AF-9C5B-BC488BD6C78C}.Debug|x64.Build.0 = Debug|Any CPU
		{275E8859-FA7A-48AF-9C5B-BC488BD6C78C}.Debug|x86.ActiveCfg = Debug|Any CPU
		{275E8859-FA7A-48AF-9C5B-BC488BD6C78C}.Debug|x86.Build.0 = Debug|Any CPU
		{275E8859-FA7A-48AF-9C5B-BC488BD6C78C}.Release|Any CPU.ActiveCfg = Release|Any CPU
		{275E8859-FA7A-48AF-9C5B-BC488BD6C78C}.Release|Any CPU.Build.0 = Release|Any CPU
		{275E8859-FA7A-48AF-9C5B-BC488BD6C78C}.Release|x64.ActiveCfg = Release|Any CPU
		{275E8859-FA7A-48AF-9C5B-BC488BD6C78C}.Release|x64.Build.0 = Release|Any CPU
		{275E8859-FA7A-48AF-9C5B-BC488BD6C78C}.Release|x86.ActiveCfg = Release|Any CPU
		{275E8859-FA7A-48AF-9C5B-BC488BD6C78C}.Release|x86.Build.0 = Release|Any CPU
		{FB75AB7A-2C37-45E1-AEDB-72F0F95C8E2D}.Debug|Any CPU.ActiveCfg = Debug|Any CPU
		{FB75AB7A-2C37-45E1-AEDB-72F0F95C8E2D}.Debug|Any CPU.Build.0 = Debug|Any CPU
		{FB75AB7A-2C37-45E1-AEDB-72F0F95C8E2D}.Debug|x64.ActiveCfg = Debug|Any CPU
		{FB75AB7A-2C37-45E1-AEDB-72F0F95C8E2D}.Debug|x64.Build.0 = Debug|Any CPU
		{FB75AB7A-2C37-45E1-AEDB-72F0F95C8E2D}.Debug|x86.ActiveCfg = Debug|Any CPU
		{FB75AB7A-2C37-45E1-AEDB-72F0F95C8E2D}.Debug|x86.Build.0 = Debug|Any CPU
		{FB75AB7A-2C37-45E1-AEDB-72F0F95C8E2D}.Release|Any CPU.ActiveCfg = Release|Any CPU
		{FB75AB7A-2C37-45E1-AEDB-72F0F95C8E2D}.Release|Any CPU.Build.0 = Release|Any CPU
		{FB75AB7A-2C37-45E1-AEDB-72F0F95C8E2D}.Release|x64.ActiveCfg = Release|Any CPU
		{FB75AB7A-2C37-45E1-AEDB-72F0F95C8E2D}.Release|x64.Build.0 = Release|Any CPU
		{FB75AB7A-2C37-45E1-AEDB-72F0F95C8E2D}.Release|x86.ActiveCfg = Release|Any CPU
		{FB75AB7A-2C37-45E1-AEDB-72F0F95C8E2D}.Release|x86.Build.0 = Release|Any CPU
		{C2358F91-4E7F-423D-BB21-9B216DA4F8B2}.Debug|Any CPU.ActiveCfg = Debug|Any CPU
		{C2358F91-4E7F-423D-BB21-9B216DA4F8B2}.Debug|Any CPU.Build.0 = Debug|Any CPU
		{C2358F91-4E7F-423D-BB21-9B216DA4F8B2}.Debug|x64.ActiveCfg = Debug|Any CPU
		{C2358F91-4E7F-423D-BB21-9B216DA4F8B2}.Debug|x64.Build.0 = Debug|Any CPU
		{C2358F91-4E7F-423D-BB21-9B216DA4F8B2}.Debug|x86.ActiveCfg = Debug|Any CPU
		{C2358F91-4E7F-423D-BB21-9B216DA4F8B2}.Debug|x86.Build.0 = Debug|Any CPU
		{C2358F91-4E7F-423D-BB21-9B216DA4F8B2}.Release|Any CPU.ActiveCfg = Release|Any CPU
		{C2358F91-4E7F-423D-BB21-9B216DA4F8B2}.Release|Any CPU.Build.0 = Release|Any CPU
		{C2358F91-4E7F-423D-BB21-9B216DA4F8B2}.Release|x64.ActiveCfg = Release|Any CPU
		{C2358F91-4E7F-423D-BB21-9B216DA4F8B2}.Release|x64.Build.0 = Release|Any CPU
		{C2358F91-4E7F-423D-BB21-9B216DA4F8B2}.Release|x86.ActiveCfg = Release|Any CPU
		{C2358F91-4E7F-423D-BB21-9B216DA4F8B2}.Release|x86.Build.0 = Release|Any CPU
		{548C9FB6-AF59-4D82-9F5D-5797BDCB8FC1}.Debug|Any CPU.ActiveCfg = Debug|Any CPU
		{548C9FB6-AF59-4D82-9F5D-5797BDCB8FC1}.Debug|Any CPU.Build.0 = Debug|Any CPU
		{548C9FB6-AF59-4D82-9F5D-5797BDCB8FC1}.Debug|x64.ActiveCfg = Debug|Any CPU
		{548C9FB6-AF59-4D82-9F5D-5797BDCB8FC1}.Debug|x64.Build.0 = Debug|Any CPU
		{548C9FB6-AF59-4D82-9F5D-5797BDCB8FC1}.Debug|x86.ActiveCfg = Debug|Any CPU
		{548C9FB6-AF59-4D82-9F5D-5797BDCB8FC1}.Debug|x86.Build.0 = Debug|Any CPU
		{548C9FB6-AF59-4D82-9F5D-5797BDCB8FC1}.Release|Any CPU.ActiveCfg = Release|Any CPU
		{548C9FB6-AF59-4D82-9F5D-5797BDCB8FC1}.Release|Any CPU.Build.0 = Release|Any CPU
		{548C9FB6-AF59-4D82-9F5D-5797BDCB8FC1}.Release|x64.ActiveCfg = Release|Any CPU
		{548C9FB6-AF59-4D82-9F5D-5797BDCB8FC1}.Release|x64.Build.0 = Release|Any CPU
		{548C9FB6-AF59-4D82-9F5D-5797BDCB8FC1}.Release|x86.ActiveCfg = Release|Any CPU
		{548C9FB6-AF59-4D82-9F5D-5797BDCB8FC1}.Release|x86.Build.0 = Release|Any CPU
		{769FFA25-0720-45FA-8EC8-BA5CC8A44F4F}.Debug|Any CPU.ActiveCfg = Debug|Any CPU
		{769FFA25-0720-45FA-8EC8-BA5CC8A44F4F}.Debug|Any CPU.Build.0 = Debug|Any CPU
		{769FFA25-0720-45FA-8EC8-BA5CC8A44F4F}.Debug|x64.ActiveCfg = Debug|Any CPU
		{769FFA25-0720-45FA-8EC8-BA5CC8A44F4F}.Debug|x64.Build.0 = Debug|Any CPU
		{769FFA25-0720-45FA-8EC8-BA5CC8A44F4F}.Debug|x86.ActiveCfg = Debug|Any CPU
		{769FFA25-0720-45FA-8EC8-BA5CC8A44F4F}.Debug|x86.Build.0 = Debug|Any CPU
		{769FFA25-0720-45FA-8EC8-BA5CC8A44F4F}.Release|Any CPU.ActiveCfg = Release|Any CPU
		{769FFA25-0720-45FA-8EC8-BA5CC8A44F4F}.Release|Any CPU.Build.0 = Release|Any CPU
		{769FFA25-0720-45FA-8EC8-BA5CC8A44F4F}.Release|x64.ActiveCfg = Release|Any CPU
		{769FFA25-0720-45FA-8EC8-BA5CC8A44F4F}.Release|x64.Build.0 = Release|Any CPU
		{769FFA25-0720-45FA-8EC8-BA5CC8A44F4F}.Release|x86.ActiveCfg = Release|Any CPU
		{769FFA25-0720-45FA-8EC8-BA5CC8A44F4F}.Release|x86.Build.0 = Release|Any CPU
		{D0A8EEF2-9FBB-4998-8EC4-FB398E179709}.Debug|Any CPU.ActiveCfg = Debug|Any CPU
		{D0A8EEF2-9FBB-4998-8EC4-FB398E179709}.Debug|Any CPU.Build.0 = Debug|Any CPU
		{D0A8EEF2-9FBB-4998-8EC4-FB398E179709}.Debug|x64.ActiveCfg = Debug|Any CPU
		{D0A8EEF2-9FBB-4998-8EC4-FB398E179709}.Debug|x64.Build.0 = Debug|Any CPU
		{D0A8EEF2-9FBB-4998-8EC4-FB398E179709}.Debug|x86.ActiveCfg = Debug|Any CPU
		{D0A8EEF2-9FBB-4998-8EC4-FB398E179709}.Debug|x86.Build.0 = Debug|Any CPU
		{D0A8EEF2-9FBB-4998-8EC4-FB398E179709}.Release|Any CPU.ActiveCfg = Release|Any CPU
		{D0A8EEF2-9FBB-4998-8EC4-FB398E179709}.Release|Any CPU.Build.0 = Release|Any CPU
		{D0A8EEF2-9FBB-4998-8EC4-FB398E179709}.Release|x64.ActiveCfg = Release|Any CPU
		{D0A8EEF2-9FBB-4998-8EC4-FB398E179709}.Release|x64.Build.0 = Release|Any CPU
		{D0A8EEF2-9FBB-4998-8EC4-FB398E179709}.Release|x86.ActiveCfg = Release|Any CPU
		{D0A8EEF2-9FBB-4998-8EC4-FB398E179709}.Release|x86.Build.0 = Release|Any CPU
		{6253C973-AC26-4A32-9CB4-8F84061A8A46}.Debug|Any CPU.ActiveCfg = Debug|Any CPU
		{6253C973-AC26-4A32-9CB4-8F84061A8A46}.Debug|Any CPU.Build.0 = Debug|Any CPU
		{6253C973-AC26-4A32-9CB4-8F84061A8A46}.Debug|x64.ActiveCfg = Debug|Any CPU
		{6253C973-AC26-4A32-9CB4-8F84061A8A46}.Debug|x64.Build.0 = Debug|Any CPU
		{6253C973-AC26-4A32-9CB4-8F84061A8A46}.Debug|x86.ActiveCfg = Debug|Any CPU
		{6253C973-AC26-4A32-9CB4-8F84061A8A46}.Debug|x86.Build.0 = Debug|Any CPU
		{6253C973-AC26-4A32-9CB4-8F84061A8A46}.Release|Any CPU.ActiveCfg = Release|Any CPU
		{6253C973-AC26-4A32-9CB4-8F84061A8A46}.Release|Any CPU.Build.0 = Release|Any CPU
		{6253C973-AC26-4A32-9CB4-8F84061A8A46}.Release|x64.ActiveCfg = Release|Any CPU
		{6253C973-AC26-4A32-9CB4-8F84061A8A46}.Release|x64.Build.0 = Release|Any CPU
		{6253C973-AC26-4A32-9CB4-8F84061A8A46}.Release|x86.ActiveCfg = Release|Any CPU
		{6253C973-AC26-4A32-9CB4-8F84061A8A46}.Release|x86.Build.0 = Release|Any CPU
		{73BE5501-93A7-4794-A290-4C627D0B13EE}.Debug|Any CPU.ActiveCfg = Debug|Any CPU
		{73BE5501-93A7-4794-A290-4C627D0B13EE}.Debug|Any CPU.Build.0 = Debug|Any CPU
		{73BE5501-93A7-4794-A290-4C627D0B13EE}.Debug|x64.ActiveCfg = Debug|Any CPU
		{73BE5501-93A7-4794-A290-4C627D0B13EE}.Debug|x64.Build.0 = Debug|Any CPU
		{73BE5501-93A7-4794-A290-4C627D0B13EE}.Debug|x86.ActiveCfg = Debug|Any CPU
		{73BE5501-93A7-4794-A290-4C627D0B13EE}.Debug|x86.Build.0 = Debug|Any CPU
		{73BE5501-93A7-4794-A290-4C627D0B13EE}.Release|Any CPU.ActiveCfg = Release|Any CPU
		{73BE5501-93A7-4794-A290-4C627D0B13EE}.Release|Any CPU.Build.0 = Release|Any CPU
		{73BE5501-93A7-4794-A290-4C627D0B13EE}.Release|x64.ActiveCfg = Release|Any CPU
		{73BE5501-93A7-4794-A290-4C627D0B13EE}.Release|x64.Build.0 = Release|Any CPU
		{73BE5501-93A7-4794-A290-4C627D0B13EE}.Release|x86.ActiveCfg = Release|Any CPU
		{73BE5501-93A7-4794-A290-4C627D0B13EE}.Release|x86.Build.0 = Release|Any CPU
		{88D24CDF-17F1-4FB3-914E-497246A96A77}.Debug|Any CPU.ActiveCfg = Debug|Any CPU
		{88D24CDF-17F1-4FB3-914E-497246A96A77}.Debug|Any CPU.Build.0 = Debug|Any CPU
		{88D24CDF-17F1-4FB3-914E-497246A96A77}.Debug|x64.ActiveCfg = Debug|Any CPU
		{88D24CDF-17F1-4FB3-914E-497246A96A77}.Debug|x64.Build.0 = Debug|Any CPU
		{88D24CDF-17F1-4FB3-914E-497246A96A77}.Debug|x86.ActiveCfg = Debug|Any CPU
		{88D24CDF-17F1-4FB3-914E-497246A96A77}.Debug|x86.Build.0 = Debug|Any CPU
		{88D24CDF-17F1-4FB3-914E-497246A96A77}.Release|Any CPU.ActiveCfg = Release|Any CPU
		{88D24CDF-17F1-4FB3-914E-497246A96A77}.Release|Any CPU.Build.0 = Release|Any CPU
		{88D24CDF-17F1-4FB3-914E-497246A96A77}.Release|x64.ActiveCfg = Release|Any CPU
		{88D24CDF-17F1-4FB3-914E-497246A96A77}.Release|x64.Build.0 = Release|Any CPU
		{88D24CDF-17F1-4FB3-914E-497246A96A77}.Release|x86.ActiveCfg = Release|Any CPU
		{88D24CDF-17F1-4FB3-914E-497246A96A77}.Release|x86.Build.0 = Release|Any CPU
		{6CE9E1C8-6C28-446D-AEDC-2FA4B27895A3}.Debug|Any CPU.ActiveCfg = Debug|Any CPU
		{6CE9E1C8-6C28-446D-AEDC-2FA4B27895A3}.Debug|Any CPU.Build.0 = Debug|Any CPU
		{6CE9E1C8-6C28-446D-AEDC-2FA4B27895A3}.Debug|x64.ActiveCfg = Debug|Any CPU
		{6CE9E1C8-6C28-446D-AEDC-2FA4B27895A3}.Debug|x64.Build.0 = Debug|Any CPU
		{6CE9E1C8-6C28-446D-AEDC-2FA4B27895A3}.Debug|x86.ActiveCfg = Debug|Any CPU
		{6CE9E1C8-6C28-446D-AEDC-2FA4B27895A3}.Debug|x86.Build.0 = Debug|Any CPU
		{6CE9E1C8-6C28-446D-AEDC-2FA4B27895A3}.Release|Any CPU.ActiveCfg = Release|Any CPU
		{6CE9E1C8-6C28-446D-AEDC-2FA4B27895A3}.Release|Any CPU.Build.0 = Release|Any CPU
		{6CE9E1C8-6C28-446D-AEDC-2FA4B27895A3}.Release|x64.ActiveCfg = Release|Any CPU
		{6CE9E1C8-6C28-446D-AEDC-2FA4B27895A3}.Release|x64.Build.0 = Release|Any CPU
		{6CE9E1C8-6C28-446D-AEDC-2FA4B27895A3}.Release|x86.ActiveCfg = Release|Any CPU
		{6CE9E1C8-6C28-446D-AEDC-2FA4B27895A3}.Release|x86.Build.0 = Release|Any CPU
		{978CA31B-E15D-4FD1-84D5-83536F82D213}.Debug|Any CPU.ActiveCfg = Debug|Any CPU
		{978CA31B-E15D-4FD1-84D5-83536F82D213}.Debug|Any CPU.Build.0 = Debug|Any CPU
		{978CA31B-E15D-4FD1-84D5-83536F82D213}.Debug|x64.ActiveCfg = Debug|Any CPU
		{978CA31B-E15D-4FD1-84D5-83536F82D213}.Debug|x64.Build.0 = Debug|Any CPU
		{978CA31B-E15D-4FD1-84D5-83536F82D213}.Debug|x86.ActiveCfg = Debug|Any CPU
		{978CA31B-E15D-4FD1-84D5-83536F82D213}.Debug|x86.Build.0 = Debug|Any CPU
		{978CA31B-E15D-4FD1-84D5-83536F82D213}.Release|Any CPU.ActiveCfg = Release|Any CPU
		{978CA31B-E15D-4FD1-84D5-83536F82D213}.Release|Any CPU.Build.0 = Release|Any CPU
		{978CA31B-E15D-4FD1-84D5-83536F82D213}.Release|x64.ActiveCfg = Release|Any CPU
		{978CA31B-E15D-4FD1-84D5-83536F82D213}.Release|x64.Build.0 = Release|Any CPU
		{978CA31B-E15D-4FD1-84D5-83536F82D213}.Release|x86.ActiveCfg = Release|Any CPU
		{978CA31B-E15D-4FD1-84D5-83536F82D213}.Release|x86.Build.0 = Release|Any CPU
		{6AEFCCCB-8F02-4B60-B591-B1BB0631E3A0}.Debug|Any CPU.ActiveCfg = Debug|Any CPU
		{6AEFCCCB-8F02-4B60-B591-B1BB0631E3A0}.Debug|Any CPU.Build.0 = Debug|Any CPU
		{6AEFCCCB-8F02-4B60-B591-B1BB0631E3A0}.Debug|x64.ActiveCfg = Debug|Any CPU
		{6AEFCCCB-8F02-4B60-B591-B1BB0631E3A0}.Debug|x64.Build.0 = Debug|Any CPU
		{6AEFCCCB-8F02-4B60-B591-B1BB0631E3A0}.Debug|x86.ActiveCfg = Debug|Any CPU
		{6AEFCCCB-8F02-4B60-B591-B1BB0631E3A0}.Debug|x86.Build.0 = Debug|Any CPU
		{6AEFCCCB-8F02-4B60-B591-B1BB0631E3A0}.Release|Any CPU.ActiveCfg = Release|Any CPU
		{6AEFCCCB-8F02-4B60-B591-B1BB0631E3A0}.Release|Any CPU.Build.0 = Release|Any CPU
		{6AEFCCCB-8F02-4B60-B591-B1BB0631E3A0}.Release|x64.ActiveCfg = Release|Any CPU
		{6AEFCCCB-8F02-4B60-B591-B1BB0631E3A0}.Release|x64.Build.0 = Release|Any CPU
		{6AEFCCCB-8F02-4B60-B591-B1BB0631E3A0}.Release|x86.ActiveCfg = Release|Any CPU
		{6AEFCCCB-8F02-4B60-B591-B1BB0631E3A0}.Release|x86.Build.0 = Release|Any CPU
	EndGlobalSection
	GlobalSection(SolutionProperties) = preSolution
		HideSolutionNode = FALSE
	EndGlobalSection
	GlobalSection(NestedProjects) = preSolution
		{7DFEAC23-0CAE-4A95-8110-8F7FFFD311A6} = {3DD115A1-D1C0-463C-9D5E-92331AF399C4}
		{54B9432F-8AB6-4C30-BC32-46EC819ABA3B} = {3DD115A1-D1C0-463C-9D5E-92331AF399C4}
		{A5C72DB1-C024-423D-B339-8FC307A3CEEE} = {3DD115A1-D1C0-463C-9D5E-92331AF399C4}
		{EB718AB6-3C80-4B77-8482-146C0E5D94CE} = {3DD115A1-D1C0-463C-9D5E-92331AF399C4}
		{B7399409-A7CE-4122-85F7-B8342B16EA2F} = {3DD115A1-D1C0-463C-9D5E-92331AF399C4}
		{FB75AB7A-2C37-45E1-AEDB-72F0F95C8E2D} = {3DD115A1-D1C0-463C-9D5E-92331AF399C4}
		{C2358F91-4E7F-423D-BB21-9B216DA4F8B2} = {3DD115A1-D1C0-463C-9D5E-92331AF399C4}
		{548C9FB6-AF59-4D82-9F5D-5797BDCB8FC1} = {3DD115A1-D1C0-463C-9D5E-92331AF399C4}
		{769FFA25-0720-45FA-8EC8-BA5CC8A44F4F} = {3DD115A1-D1C0-463C-9D5E-92331AF399C4}
		{D0A8EEF2-9FBB-4998-8EC4-FB398E179709} = {3DD115A1-D1C0-463C-9D5E-92331AF399C4}
		{6CE9E1C8-6C28-446D-AEDC-2FA4B27895A3} = {3DD115A1-D1C0-463C-9D5E-92331AF399C4}
		{978CA31B-E15D-4FD1-84D5-83536F82D213} = {3DD115A1-D1C0-463C-9D5E-92331AF399C4}
		{6AEFCCCB-8F02-4B60-B591-B1BB0631E3A0} = {3DD115A1-D1C0-463C-9D5E-92331AF399C4}
	EndGlobalSection
	GlobalSection(ExtensibilityGlobals) = postSolution
		SolutionGuid = {DEB5EB13-7C5D-4548-8DFE-4DBCDE1285A9}
	EndGlobalSection
EndGlobal
