
Microsoft Visual Studio Solution File, Format Version 12.00
# Visual Studio 15
VisualStudioVersion = 15.0.26124.0
MinimumVisualStudioVersion = 15.0.26124.0
Project("{9A19103F-16F7-4668-BE54-9A1E7A4F7556}") = "R5T.Nikaia.Configuration.Construction", "R5T.Nikaia.Configuration.Construction\R5T.Nikaia.Configuration.Construction.csproj", "{B5CD5DE7-0FC6-4C41-9DE5-DFAF475AA9AF}"
EndProject
Project("{9A19103F-16F7-4668-BE54-9A1E7A4F7556}") = "R5T.Nikaia.Configuration", "R5T.Nikaia.Configuration\R5T.Nikaia.Configuration.csproj", "{57C9F1CF-8BCB-47EF-A3B7-159849410695}"
EndProject
Project("{9A19103F-16F7-4668-BE54-9A1E7A4F7556}") = "R5T.Nikaia.Configuration.Testing", "R5T.Nikaia.Configuration.Testing\R5T.Nikaia.Configuration.Testing.csproj", "{A5EBB83F-4021-4A78-A1CB-3FAFA6591D33}"
EndProject
Project("{2150E333-8FDC-42A3-9474-1A3956D46DE8}") = "_Dependencies", "_Dependencies", "{3DD115A1-D1C0-463C-9D5E-92331AF399C4}"
EndProject
Project("{9A19103F-16F7-4668-BE54-9A1E7A4F7556}") = "R5T.Nikaia.Base", "..\..\R5T.Nikaia.Base\source\R5T.Nikaia.Base\R5T.Nikaia.Base.csproj", "{7DFEAC23-0CAE-4A95-8110-8F7FFFD311A6}"
EndProject
Project("{9A19103F-16F7-4668-BE54-9A1E7A4F7556}") = "R5T.Chamavia", "..\..\R5T.Chamavia\source\R5T.Chamavia\R5T.Chamavia.csproj", "{54B9432F-8AB6-4C30-BC32-46EC819ABA3B}"
EndProject
Global
	GlobalSection(SolutionConfigurationPlatforms) = preSolution
		Debug|Any CPU = Debug|Any CPU
		Debug|x64 = Debug|x64
		Debug|x86 = Debug|x86
		Release|Any CPU = Release|Any CPU
		Release|x64 = Release|x64
		Release|x86 = Release|x86
	EndGlobalSection
	GlobalSection(ProjectConfigurationPlatforms) = postSolution
		{B5CD5DE7-0FC6-4C41-9DE5-DFAF475AA9AF}.Debug|Any CPU.ActiveCfg = Debug|Any CPU
		{B5CD5DE7-0FC6-4C41-9DE5-DFAF475AA9AF}.Debug|Any CPU.Build.0 = Debug|Any CPU
		{B5CD5DE7-0FC6-4C41-9DE5-DFAF475AA9AF}.Debug|x64.ActiveCfg = Debug|Any CPU
		{B5CD5DE7-0FC6-4C41-9DE5-DFAF475AA9AF}.Debug|x64.Build.0 = Debug|Any CPU
		{B5CD5DE7-0FC6-4C41-9DE5-DFAF475AA9AF}.Debug|x86.ActiveCfg = Debug|Any CPU
		{B5CD5DE7-0FC6-4C41-9DE5-DFAF475AA9AF}.Debug|x86.Build.0 = Debug|Any CPU
		{B5CD5DE7-0FC6-4C41-9DE5-DFAF475AA9AF}.Release|Any CPU.ActiveCfg = Release|Any CPU
		{B5CD5DE7-0FC6-4C41-9DE5-DFAF475AA9AF}.Release|Any CPU.Build.0 = Release|Any CPU
		{B5CD5DE7-0FC6-4C41-9DE5-DFAF475AA9AF}.Release|x64.ActiveCfg = Release|Any CPU
		{B5CD5DE7-0FC6-4C41-9DE5-DFAF475AA9AF}.Release|x64.Build.0 = Release|Any CPU
		{B5CD5DE7-0FC6-4C41-9DE5-DFAF475AA9AF}.Release|x86.ActiveCfg = Release|Any CPU
		{B5CD5DE7-0FC6-4C41-9DE5-DFAF475AA9AF}.Release|x86.Build.0 = Release|Any CPU
		{57C9F1CF-8BCB-47EF-A3B7-159849410695}.Debug|Any CPU.ActiveCfg = Debug|Any CPU
		{57C9F1CF-8BCB-47EF-A3B7-159849410695}.Debug|Any CPU.Build.0 = Debug|Any CPU
		{57C9F1CF-8BCB-47EF-A3B7-159849410695}.Debug|x64.ActiveCfg = Debug|Any CPU
		{57C9F1CF-8BCB-47EF-A3B7-159849410695}.Debug|x64.Build.0 = Debug|Any CPU
		{57C9F1CF-8BCB-47EF-A3B7-159849410695}.Debug|x86.ActiveCfg = Debug|Any CPU
		{57C9F1CF-8BCB-47EF-A3B7-159849410695}.Debug|x86.Build.0 = Debug|Any CPU
		{57C9F1CF-8BCB-47EF-A3B7-159849410695}.Release|Any CPU.ActiveCfg = Release|Any CPU
		{57C9F1CF-8BCB-47EF-A3B7-159849410695}.Release|Any CPU.Build.0 = Release|Any CPU
		{57C9F1CF-8BCB-47EF-A3B7-159849410695}.Release|x64.ActiveCfg = Release|Any CPU
		{57C9F1CF-8BCB-47EF-A3B7-159849410695}.Release|x64.Build.0 = Release|Any CPU
		{57C9F1CF-8BCB-47EF-A3B7-159849410695}.Release|x86.ActiveCfg = Release|Any CPU
		{57C9F1CF-8BCB-47EF-A3B7-159849410695}.Release|x86.Build.0 = Release|Any CPU
		{A5EBB83F-4021-4A78-A1CB-3FAFA6591D33}.Debug|Any CPU.ActiveCfg = Debug|Any CPU
		{A5EBB83F-4021-4A78-A1CB-3FAFA6591D33}.Debug|Any CPU.Build.0 = Debug|Any CPU
		{A5EBB83F-4021-4A78-A1CB-3FAFA6591D33}.Debug|x64.ActiveCfg = Debug|Any CPU
		{A5EBB83F-4021-4A78-A1CB-3FAFA6591D33}.Debug|x64.Build.0 = Debug|Any CPU
		{A5EBB83F-4021-4A78-A1CB-3FAFA6591D33}.Debug|x86.ActiveCfg = Debug|Any CPU
		{A5EBB83F-4021-4A78-A1CB-3FAFA6591D33}.Debug|x86.Build.0 = Debug|Any CPU
		{A5EBB83F-4021-4A78-A1CB-3FAFA6591D33}.Release|Any CPU.ActiveCfg = Release|Any CPU
		{A5EBB83F-4021-4A78-A1CB-3FAFA6591D33}.Release|Any CPU.Build.0 = Release|Any CPU
		{A5EBB83F-4021-4A78-A1CB-3FAFA6591D33}.Release|x64.ActiveCfg = Release|Any CPU
		{A5EBB83F-4021-4A78-A1CB-3FAFA6591D33}.Release|x64.Build.0 = Release|Any CPU
		{A5EBB83F-4021-4A78-A1CB-3FAFA6591D33}.Release|x86.ActiveCfg = Release|Any CPU
		{A5EBB83F-4021-4A78-A1CB-3FAFA6591D33}.Release|x86.Build.0 = Release|Any CPU
		{7DFEAC23-0CAE-4A95-8110-8F7FFFD311A6}.Debug|Any CPU.ActiveCfg = Debug|Any CPU
		{7DFEAC23-0CAE-4A95-8110-8F7FFFD311A6}.Debug|Any CPU.Build.0 = Debug|Any CPU
		{7DFEAC23-0CAE-4A95-8110-8F7FFFD311A6}.Debug|x64.ActiveCfg = Debug|Any CPU
		{7DFEAC23-0CAE-4A95-8110-8F7FFFD311A6}.Debug|x64.Build.0 = Debug|Any CPU
		{7DFEAC23-0CAE-4A95-8110-8F7FFFD311A6}.Debug|x86.ActiveCfg = Debug|Any CPU
		{7DFEAC23-0CAE-4A95-8110-8F7FFFD311A6}.Debug|x86.Build.0 = Debug|Any CPU
		{7DFEAC23-0CAE-4A95-8110-8F7FFFD311A6}.Release|Any CPU.ActiveCfg = Release|Any CPU
		{7DFEAC23-0CAE-4A95-8110-8F7FFFD311A6}.Release|Any CPU.Build.0 = Release|Any CPU
		{7DFEAC23-0CAE-4A95-8110-8F7FFFD311A6}.Release|x64.ActiveCfg = Release|Any CPU
		{7DFEAC23-0CAE-4A95-8110-8F7FFFD311A6}.Release|x64.Build.0 = Release|Any CPU
		{7DFEAC23-0CAE-4A95-8110-8F7FFFD311A6}.Release|x86.ActiveCfg = Release|Any CPU
		{7DFEAC23-0CAE-4A95-8110-8F7FFFD311A6}.Release|x86.Build.0 = Release|Any CPU
		{54B9432F-8AB6-4C30-BC32-46EC819ABA3B}.Debug|Any CPU.ActiveCfg = Debug|Any CPU
		{54B9432F-8AB6-4C30-BC32-46EC819ABA3B}.Debug|Any CPU.Build.0 = Debug|Any CPU
		{54B9432F-8AB6-4C30-BC32-46EC819ABA3B}.Debug|x64.ActiveCfg = Debug|Any CPU
		{54B9432F-8AB6-4C30-BC32-46EC819ABA3B}.Debug|x64.Build.0 = Debug|Any CPU
		{54B9432F-8AB6-4C30-BC32-46EC819ABA3B}.Debug|x86.ActiveCfg = Debug|Any CPU
		{54B9432F-8AB6-4C30-BC32-46EC819ABA3B}.Debug|x86.Build.0 = Debug|Any CPU
		{54B9432F-8AB6-4C30-BC32-46EC819ABA3B}.Release|Any CPU.ActiveCfg = Release|Any CPU
		{54B9432F-8AB6-4C30-BC32-46EC819ABA3B}.Release|Any CPU.Build.0 = Release|Any CPU
		{54B9432F-8AB6-4C30-BC32-46EC819ABA3B}.Release|x64.ActiveCfg = Release|Any CPU
		{54B9432F-8AB6-4C30-BC32-46EC819ABA3B}.Release|x64.Build.0 = Release|Any CPU
		{54B9432F-8AB6-4C30-BC32-46EC819ABA3B}.Release|x86.ActiveCfg = Release|Any CPU
		{54B9432F-8AB6-4C30-BC32-46EC819ABA3B}.Release|x86.Build.0 = Release|Any CPU
	EndGlobalSection
	GlobalSection(SolutionProperties) = preSolution
		HideSolutionNode = FALSE
	EndGlobalSection
	GlobalSection(NestedProjects) = preSolution
		{7DFEAC23-0CAE-4A95-8110-8F7FFFD311A6} = {3DD115A1-D1C0-463C-9D5E-92331AF399C4}
		{54B9432F-8AB6-4C30-BC32-46EC819ABA3B} = {3DD115A1-D1C0-463C-9D5E-92331AF399C4}
	EndGlobalSection
	GlobalSection(ExtensibilityGlobals) = postSolution
		SolutionGuid = {DEB5EB13-7C5D-4548-8DFE-4DBCDE1285A9}
	EndGlobalSection
EndGlobal
